
Microsoft Visual Studio Solution File, Format Version 12.00
# Visual Studio Version 16
VisualStudioVersion = 16.0.33214.272
MinimumVisualStudioVersion = 10.0.40219.1
Project("{FAE04EC0-301F-11D3-BF4B-00C04F79EFBC}") = "Primat-ATM", "Primat-ATM\Primat-ATM.csproj", "{3236BFB8-C350-44BE-A01B-E7A5A66D54FB}"
EndProject
Global
	GlobalSection(SolutionConfigurationPlatforms) = preSolution
		Debug|Any CPU = Debug|Any CPU
		Release|Any CPU = Release|Any CPU
	EndGlobalSection
	GlobalSection(ProjectConfigurationPlatforms) = postSolution
		{3236BFB8-C350-44BE-A01B-E7A5A66D54FB}.Debug|Any CPU.ActiveCfg = Debug|Any CPU
		{3236BFB8-C350-44BE-A01B-E7A5A66D54FB}.Debug|Any CPU.Build.0 = Debug|Any CPU
		{3236BFB8-C350-44BE-A01B-E7A5A66D54FB}.Release|Any CPU.ActiveCfg = Release|Any CPU
		{3236BFB8-C350-44BE-A01B-E7A5A66D54FB}.Release|Any CPU.Build.0 = Release|Any CPU
	EndGlobalSection
	GlobalSection(SolutionProperties) = preSolution
		HideSolutionNode = FALSE
	EndGlobalSection
	GlobalSection(ExtensibilityGlobals) = postSolution
		SolutionGuid = {AA61BBE9-D85B-46F0-914A-9611636DD6FB}
	EndGlobalSection
EndGlobal
